// !$*UTF8*$!
{
	archiveVersion = 1;
	classes = {
	};
	objectVersion = 50;
	objects = {

/* Begin PBXBuildFile section */
		8201506223B2D07D00E9FCD2 /* AppDelegate.swift in Sources */ = {isa = PBXBuildFile; fileRef = 8201506123B2D07D00E9FCD2 /* AppDelegate.swift */; };
		8201506423B2D08800E9FCD2 /* Assets.xcassets in Resources */ = {isa = PBXBuildFile; fileRef = 8201506323B2D08800E9FCD2 /* Assets.xcassets */; };
		8201506723B2D08800E9FCD2 /* MainMenu.xib in Resources */ = {isa = PBXBuildFile; fileRef = 8201506523B2D08800E9FCD2 /* MainMenu.xib */; };
		8201507423B2D21D00E9FCD2 /* ColorView.swift in Sources */ = {isa = PBXBuildFile; fileRef = 8201507023B2D21C00E9FCD2 /* ColorView.swift */; };
		8201507523B2D21D00E9FCD2 /* AddWindowController.swift in Sources */ = {isa = PBXBuildFile; fileRef = 8201507123B2D21C00E9FCD2 /* AddWindowController.swift */; };
		8201507623B2D21D00E9FCD2 /* AddWindowController.xib in Resources */ = {isa = PBXBuildFile; fileRef = 8201507223B2D21D00E9FCD2 /* AddWindowController.xib */; };
		8201507923B2D4AE00E9FCD2 /* HomeWindowController.swift in Sources */ = {isa = PBXBuildFile; fileRef = 8201507723B2D4AE00E9FCD2 /* HomeWindowController.swift */; };
		8201507A23B2D4AE00E9FCD2 /* HomeWindowController.xib in Resources */ = {isa = PBXBuildFile; fileRef = 8201507823B2D4AE00E9FCD2 /* HomeWindowController.xib */; };
		8201507E23B5159700E9FCD2 /* AddSecondViewController.swift in Sources */ = {isa = PBXBuildFile; fileRef = 8201507C23B5159700E9FCD2 /* AddSecondViewController.swift */; };
		8201507F23B5159700E9FCD2 /* AddSecondViewController.xib in Resources */ = {isa = PBXBuildFile; fileRef = 8201507D23B5159700E9FCD2 /* AddSecondViewController.xib */; };
		8201508123B542F800E9FCD2 /* Song.swift in Sources */ = {isa = PBXBuildFile; fileRef = 8201508023B542F800E9FCD2 /* Song.swift */; };
		8201508323B54C3D00E9FCD2 /* SongCollection.swift in Sources */ = {isa = PBXBuildFile; fileRef = 8201508223B54C3D00E9FCD2 /* SongCollection.swift */; };
		8201508623B5AB1700E9FCD2 /* TimingViewController.swift in Sources */ = {isa = PBXBuildFile; fileRef = 8201508423B5AB1700E9FCD2 /* TimingViewController.swift */; };
		8201508723B5AB1700E9FCD2 /* TimingViewController.xib in Resources */ = {isa = PBXBuildFile; fileRef = 8201508523B5AB1700E9FCD2 /* TimingViewController.xib */; };
		8215F8EC23B9488200088F23 /* ScrollessScroller.swift in Sources */ = {isa = PBXBuildFile; fileRef = 8215F8EB23B9488200088F23 /* ScrollessScroller.swift */; };
		8215F8EF23B988DC00088F23 /* EditingWindowController.swift in Sources */ = {isa = PBXBuildFile; fileRef = 8215F8ED23B988DC00088F23 /* EditingWindowController.swift */; };
		8215F8F023B988DC00088F23 /* EditingWindowController.xib in Resources */ = {isa = PBXBuildFile; fileRef = 8215F8EE23B988DC00088F23 /* EditingWindowController.xib */; };
		8258305F23C2625100D2186B /* SideBarCollectionViewItem.swift in Sources */ = {isa = PBXBuildFile; fileRef = 8258305D23C2625100D2186B /* SideBarCollectionViewItem.swift */; };
		8258306023C2625100D2186B /* SideBarCollectionViewItem.xib in Resources */ = {isa = PBXBuildFile; fileRef = 8258305E23C2625100D2186B /* SideBarCollectionViewItem.xib */; };
		829C2F5223B6E6FF000CE4F0 /* SearchViewController.swift in Sources */ = {isa = PBXBuildFile; fileRef = 829C2F5023B6E6FF000CE4F0 /* SearchViewController.swift */; };
		829C2F5323B6E6FF000CE4F0 /* SearchViewController.xib in Resources */ = {isa = PBXBuildFile; fileRef = 829C2F5123B6E6FF000CE4F0 /* SearchViewController.xib */; };
		829D46EF23C6232300F84C9C /* SearchySearchCell.swift in Sources */ = {isa = PBXBuildFile; fileRef = 829D46EE23C6232300F84C9C /* SearchySearchCell.swift */; };
		829D46F123C66D1000F84C9C /* SearchySearchField.swift in Sources */ = {isa = PBXBuildFile; fileRef = 829D46F023C66D0F00F84C9C /* SearchySearchField.swift */; };
		82A261F723BE9D030050ADEC /* SideBarDataAndDelegate.swift in Sources */ = {isa = PBXBuildFile; fileRef = 82A261F623BE9D030050ADEC /* SideBarDataAndDelegate.swift */; };
		82DEB47423B6F21B0068CA11 /* SearchDataSource.swift in Sources */ = {isa = PBXBuildFile; fileRef = 82DEB47323B6F21B0068CA11 /* SearchDataSource.swift */; };
		82DEB47723B7B2930068CA11 /* SearchCollectionViewItem.swift in Sources */ = {isa = PBXBuildFile; fileRef = 82DEB47523B7B2930068CA11 /* SearchCollectionViewItem.swift */; };
		82DEB47823B7B2930068CA11 /* SearchCollectionViewItem.xib in Resources */ = {isa = PBXBuildFile; fileRef = 82DEB47623B7B2930068CA11 /* SearchCollectionViewItem.xib */; };
		82FDE6C623BD87040099A566 /* ViewSongWindowController.swift in Sources */ = {isa = PBXBuildFile; fileRef = 82FDE6C423BD87040099A566 /* ViewSongWindowController.swift */; };
		82FDE6C723BD87040099A566 /* ViewSongWindowController.xib in Resources */ = {isa = PBXBuildFile; fileRef = 82FDE6C523BD87040099A566 /* ViewSongWindowController.xib */; };
/* End PBXBuildFile section */

/* Begin PBXFileReference section */
		8201505E23B2D07D00E9FCD2 /* word by word.app */ = {isa = PBXFileReference; explicitFileType = wrapper.application; includeInIndex = 0; path = "word by word.app"; sourceTree = BUILT_PRODUCTS_DIR; };
		8201506123B2D07D00E9FCD2 /* AppDelegate.swift */ = {isa = PBXFileReference; lastKnownFileType = sourcecode.swift; path = AppDelegate.swift; sourceTree = "<group>"; };
		8201506323B2D08800E9FCD2 /* Assets.xcassets */ = {isa = PBXFileReference; lastKnownFileType = folder.assetcatalog; path = Assets.xcassets; sourceTree = "<group>"; };
		8201506623B2D08800E9FCD2 /* Base */ = {isa = PBXFileReference; lastKnownFileType = file.xib; name = Base; path = Base.lproj/MainMenu.xib; sourceTree = "<group>"; };
		8201506823B2D08800E9FCD2 /* Info.plist */ = {isa = PBXFileReference; lastKnownFileType = text.plist.xml; path = Info.plist; sourceTree = "<group>"; };
		8201506923B2D08800E9FCD2 /* word_by_word.entitlements */ = {isa = PBXFileReference; lastKnownFileType = text.plist.entitlements; path = word_by_word.entitlements; sourceTree = "<group>"; };
		8201507023B2D21C00E9FCD2 /* ColorView.swift */ = {isa = PBXFileReference; fileEncoding = 4; lastKnownFileType = sourcecode.swift; path = ColorView.swift; sourceTree = "<group>"; };
		8201507123B2D21C00E9FCD2 /* AddWindowController.swift */ = {isa = PBXFileReference; fileEncoding = 4; lastKnownFileType = sourcecode.swift; path = AddWindowController.swift; sourceTree = "<group>"; };
		8201507223B2D21D00E9FCD2 /* AddWindowController.xib */ = {isa = PBXFileReference; fileEncoding = 4; lastKnownFileType = file.xib; path = AddWindowController.xib; sourceTree = "<group>"; };
		8201507723B2D4AE00E9FCD2 /* HomeWindowController.swift */ = {isa = PBXFileReference; lastKnownFileType = sourcecode.swift; path = HomeWindowController.swift; sourceTree = "<group>"; };
		8201507823B2D4AE00E9FCD2 /* HomeWindowController.xib */ = {isa = PBXFileReference; lastKnownFileType = file.xib; path = HomeWindowController.xib; sourceTree = "<group>"; };
		8201507C23B5159700E9FCD2 /* AddSecondViewController.swift */ = {isa = PBXFileReference; lastKnownFileType = sourcecode.swift; path = AddSecondViewController.swift; sourceTree = "<group>"; };
		8201507D23B5159700E9FCD2 /* AddSecondViewController.xib */ = {isa = PBXFileReference; lastKnownFileType = file.xib; path = AddSecondViewController.xib; sourceTree = "<group>"; };
		8201508023B542F800E9FCD2 /* Song.swift */ = {isa = PBXFileReference; lastKnownFileType = sourcecode.swift; path = Song.swift; sourceTree = "<group>"; };
		8201508223B54C3D00E9FCD2 /* SongCollection.swift */ = {isa = PBXFileReference; lastKnownFileType = sourcecode.swift; path = SongCollection.swift; sourceTree = "<group>"; };
		8201508423B5AB1700E9FCD2 /* TimingViewController.swift */ = {isa = PBXFileReference; lastKnownFileType = sourcecode.swift; path = TimingViewController.swift; sourceTree = "<group>"; };
		8201508523B5AB1700E9FCD2 /* TimingViewController.xib */ = {isa = PBXFileReference; lastKnownFileType = file.xib; path = TimingViewController.xib; sourceTree = "<group>"; };
		8215F8EB23B9488200088F23 /* ScrollessScroller.swift */ = {isa = PBXFileReference; lastKnownFileType = sourcecode.swift; path = ScrollessScroller.swift; sourceTree = "<group>"; };
		8215F8ED23B988DC00088F23 /* EditingWindowController.swift */ = {isa = PBXFileReference; lastKnownFileType = sourcecode.swift; path = EditingWindowController.swift; sourceTree = "<group>"; };
		8215F8EE23B988DC00088F23 /* EditingWindowController.xib */ = {isa = PBXFileReference; lastKnownFileType = file.xib; path = EditingWindowController.xib; sourceTree = "<group>"; };
		8258305D23C2625100D2186B /* SideBarCollectionViewItem.swift */ = {isa = PBXFileReference; lastKnownFileType = sourcecode.swift; path = SideBarCollectionViewItem.swift; sourceTree = "<group>"; };
		8258305E23C2625100D2186B /* SideBarCollectionViewItem.xib */ = {isa = PBXFileReference; lastKnownFileType = file.xib; path = SideBarCollectionViewItem.xib; sourceTree = "<group>"; };
		829C2F5023B6E6FF000CE4F0 /* SearchViewController.swift */ = {isa = PBXFileReference; lastKnownFileType = sourcecode.swift; path = SearchViewController.swift; sourceTree = "<group>"; };
		829C2F5123B6E6FF000CE4F0 /* SearchViewController.xib */ = {isa = PBXFileReference; lastKnownFileType = file.xib; path = SearchViewController.xib; sourceTree = "<group>"; };
		829D46EE23C6232300F84C9C /* SearchySearchCell.swift */ = {isa = PBXFileReference; lastKnownFileType = sourcecode.swift; path = SearchySearchCell.swift; sourceTree = "<group>"; };
		829D46F023C66D0F00F84C9C /* SearchySearchField.swift */ = {isa = PBXFileReference; lastKnownFileType = sourcecode.swift; path = SearchySearchField.swift; sourceTree = "<group>"; };
		82A261F623BE9D030050ADEC /* SideBarDataAndDelegate.swift */ = {isa = PBXFileReference; lastKnownFileType = sourcecode.swift; path = SideBarDataAndDelegate.swift; sourceTree = "<group>"; };
		82DEB47323B6F21B0068CA11 /* SearchDataSource.swift */ = {isa = PBXFileReference; lastKnownFileType = sourcecode.swift; path = SearchDataSource.swift; sourceTree = "<group>"; };
		82DEB47523B7B2930068CA11 /* SearchCollectionViewItem.swift */ = {isa = PBXFileReference; lastKnownFileType = sourcecode.swift; path = SearchCollectionViewItem.swift; sourceTree = "<group>"; };
		82DEB47623B7B2930068CA11 /* SearchCollectionViewItem.xib */ = {isa = PBXFileReference; lastKnownFileType = file.xib; path = SearchCollectionViewItem.xib; sourceTree = "<group>"; };
		82FDE6C423BD87040099A566 /* ViewSongWindowController.swift */ = {isa = PBXFileReference; lastKnownFileType = sourcecode.swift; path = ViewSongWindowController.swift; sourceTree = "<group>"; };
		82FDE6C523BD87040099A566 /* ViewSongWindowController.xib */ = {isa = PBXFileReference; lastKnownFileType = file.xib; path = ViewSongWindowController.xib; sourceTree = "<group>"; };
/* End PBXFileReference section */

/* Begin PBXFrameworksBuildPhase section */
		8201505B23B2D07D00E9FCD2 /* Frameworks */ = {
			isa = PBXFrameworksBuildPhase;
			buildActionMask = 2147483647;
			files = (
			);
			runOnlyForDeploymentPostprocessing = 0;
		};
/* End PBXFrameworksBuildPhase section */

/* Begin PBXGroup section */
		8201505523B2D07C00E9FCD2 = {
			isa = PBXGroup;
			children = (
				8201506023B2D07D00E9FCD2 /* word by word */,
				8201505F23B2D07D00E9FCD2 /* Products */,
			);
			sourceTree = "<group>";
		};
		8201505F23B2D07D00E9FCD2 /* Products */ = {
			isa = PBXGroup;
			children = (
				8201505E23B2D07D00E9FCD2 /* word by word.app */,
			);
			name = Products;
			sourceTree = "<group>";
		};
		8201506023B2D07D00E9FCD2 /* word by word */ = {
			isa = PBXGroup;
			children = (
				8201506123B2D07D00E9FCD2 /* AppDelegate.swift */,
				8201507723B2D4AE00E9FCD2 /* HomeWindowController.swift */,
				8201507823B2D4AE00E9FCD2 /* HomeWindowController.xib */,
				82A261F623BE9D030050ADEC /* SideBarDataAndDelegate.swift */,
				8258305D23C2625100D2186B /* SideBarCollectionViewItem.swift */,
				8258305E23C2625100D2186B /* SideBarCollectionViewItem.xib */,
				8201507B23B2D66200E9FCD2 /* Add */,
				8201508823B5AB2700E9FCD2 /* Edit */,
				829C2F5423B6E728000CE4F0 /* Search */,
				82FDE6C323BD84880099A566 /* View */,
				8201508023B542F800E9FCD2 /* Song.swift */,
				8201508223B54C3D00E9FCD2 /* SongCollection.swift */,
				8201507023B2D21C00E9FCD2 /* ColorView.swift */,
				8201506323B2D08800E9FCD2 /* Assets.xcassets */,
				8201506523B2D08800E9FCD2 /* MainMenu.xib */,
				8201506823B2D08800E9FCD2 /* Info.plist */,
				8201506923B2D08800E9FCD2 /* word_by_word.entitlements */,
			);
			path = "word by word";
			sourceTree = "<group>";
		};
		8201507B23B2D66200E9FCD2 /* Add */ = {
			isa = PBXGroup;
			children = (
				8201507123B2D21C00E9FCD2 /* AddWindowController.swift */,
				8201507223B2D21D00E9FCD2 /* AddWindowController.xib */,
				8201507C23B5159700E9FCD2 /* AddSecondViewController.swift */,
				8201507D23B5159700E9FCD2 /* AddSecondViewController.xib */,
			);
			path = Add;
			sourceTree = "<group>";
		};
		8201508823B5AB2700E9FCD2 /* Edit */ = {
			isa = PBXGroup;
			children = (
				8215F8ED23B988DC00088F23 /* EditingWindowController.swift */,
				8215F8EE23B988DC00088F23 /* EditingWindowController.xib */,
				8201508423B5AB1700E9FCD2 /* TimingViewController.swift */,
				8201508523B5AB1700E9FCD2 /* TimingViewController.xib */,
			);
			path = Edit;
			sourceTree = "<group>";
		};
		829C2F5423B6E728000CE4F0 /* Search */ = {
			isa = PBXGroup;
			children = (
				829C2F5023B6E6FF000CE4F0 /* SearchViewController.swift */,
				829D46F023C66D0F00F84C9C /* SearchySearchField.swift */,
				829D46EE23C6232300F84C9C /* SearchySearchCell.swift */,
				829C2F5123B6E6FF000CE4F0 /* SearchViewController.xib */,
				82DEB47323B6F21B0068CA11 /* SearchDataSource.swift */,
				82DEB47523B7B2930068CA11 /* SearchCollectionViewItem.swift */,
				82DEB47623B7B2930068CA11 /* SearchCollectionViewItem.xib */,
				8215F8EB23B9488200088F23 /* ScrollessScroller.swift */,
			);
			path = Search;
			sourceTree = "<group>";
		};
		82FDE6C323BD84880099A566 /* View */ = {
			isa = PBXGroup;
			children = (
				82FDE6C423BD87040099A566 /* ViewSongWindowController.swift */,
				82FDE6C523BD87040099A566 /* ViewSongWindowController.xib */,
			);
			path = View;
			sourceTree = "<group>";
		};
/* End PBXGroup section */

/* Begin PBXNativeTarget section */
		8201505D23B2D07D00E9FCD2 /* word by word */ = {
			isa = PBXNativeTarget;
			buildConfigurationList = 8201506C23B2D08800E9FCD2 /* Build configuration list for PBXNativeTarget "word by word" */;
			buildPhases = (
				8201505A23B2D07D00E9FCD2 /* Sources */,
				8201505B23B2D07D00E9FCD2 /* Frameworks */,
				8201505C23B2D07D00E9FCD2 /* Resources */,
			);
			buildRules = (
			);
			dependencies = (
			);
			name = "word by word";
			productName = "word by word";
			productReference = 8201505E23B2D07D00E9FCD2 /* word by word.app */;
			productType = "com.apple.product-type.application";
		};
/* End PBXNativeTarget section */

/* Begin PBXProject section */
		8201505623B2D07D00E9FCD2 /* Project object */ = {
			isa = PBXProject;
			attributes = {
				LastSwiftUpdateCheck = 1130;
				LastUpgradeCheck = 1130;
				ORGANIZATIONNAME = Knaoinr;
				TargetAttributes = {
					8201505D23B2D07D00E9FCD2 = {
						CreatedOnToolsVersion = 11.3;
					};
				};
			};
			buildConfigurationList = 8201505923B2D07D00E9FCD2 /* Build configuration list for PBXProject "word by word" */;
			compatibilityVersion = "Xcode 9.3";
			developmentRegion = en;
			hasScannedForEncodings = 0;
			knownRegions = (
				en,
				Base,
			);
			mainGroup = 8201505523B2D07C00E9FCD2;
			productRefGroup = 8201505F23B2D07D00E9FCD2 /* Products */;
			projectDirPath = "";
			projectRoot = "";
			targets = (
				8201505D23B2D07D00E9FCD2 /* word by word */,
			);
		};
/* End PBXProject section */

/* Begin PBXResourcesBuildPhase section */
		8201505C23B2D07D00E9FCD2 /* Resources */ = {
			isa = PBXResourcesBuildPhase;
			buildActionMask = 2147483647;
			files = (
				8215F8F023B988DC00088F23 /* EditingWindowController.xib in Resources */,
				8201506423B2D08800E9FCD2 /* Assets.xcassets in Resources */,
				8258306023C2625100D2186B /* SideBarCollectionViewItem.xib in Resources */,
				82DEB47823B7B2930068CA11 /* SearchCollectionViewItem.xib in Resources */,
				8201507F23B5159700E9FCD2 /* AddSecondViewController.xib in Resources */,
				8201507623B2D21D00E9FCD2 /* AddWindowController.xib in Resources */,
				8201507A23B2D4AE00E9FCD2 /* HomeWindowController.xib in Resources */,
				8201508723B5AB1700E9FCD2 /* TimingViewController.xib in Resources */,
				8201506723B2D08800E9FCD2 /* MainMenu.xib in Resources */,
				829C2F5323B6E6FF000CE4F0 /* SearchViewController.xib in Resources */,
				82FDE6C723BD87040099A566 /* ViewSongWindowController.xib in Resources */,
			);
			runOnlyForDeploymentPostprocessing = 0;
		};
/* End PBXResourcesBuildPhase section */

/* Begin PBXSourcesBuildPhase section */
		8201505A23B2D07D00E9FCD2 /* Sources */ = {
			isa = PBXSourcesBuildPhase;
			buildActionMask = 2147483647;
			files = (
				829C2F5223B6E6FF000CE4F0 /* SearchViewController.swift in Sources */,
				82DEB47423B6F21B0068CA11 /* SearchDataSource.swift in Sources */,
				8201508123B542F800E9FCD2 /* Song.swift in Sources */,
				8201507423B2D21D00E9FCD2 /* ColorView.swift in Sources */,
				82FDE6C623BD87040099A566 /* ViewSongWindowController.swift in Sources */,
				8201508323B54C3D00E9FCD2 /* SongCollection.swift in Sources */,
				8201507923B2D4AE00E9FCD2 /* HomeWindowController.swift in Sources */,
				8215F8EF23B988DC00088F23 /* EditingWindowController.swift in Sources */,
				829D46F123C66D1000F84C9C /* SearchySearchField.swift in Sources */,
				8201507523B2D21D00E9FCD2 /* AddWindowController.swift in Sources */,
				829D46EF23C6232300F84C9C /* SearchySearchCell.swift in Sources */,
				8201506223B2D07D00E9FCD2 /* AppDelegate.swift in Sources */,
				8258305F23C2625100D2186B /* SideBarCollectionViewItem.swift in Sources */,
				8201508623B5AB1700E9FCD2 /* TimingViewController.swift in Sources */,
				8215F8EC23B9488200088F23 /* ScrollessScroller.swift in Sources */,
				82DEB47723B7B2930068CA11 /* SearchCollectionViewItem.swift in Sources */,
				82A261F723BE9D030050ADEC /* SideBarDataAndDelegate.swift in Sources */,
				8201507E23B5159700E9FCD2 /* AddSecondViewController.swift in Sources */,
			);
			runOnlyForDeploymentPostprocessing = 0;
		};
/* End PBXSourcesBuildPhase section */

/* Begin PBXVariantGroup section */
		8201506523B2D08800E9FCD2 /* MainMenu.xib */ = {
			isa = PBXVariantGroup;
			children = (
				8201506623B2D08800E9FCD2 /* Base */,
			);
			name = MainMenu.xib;
			sourceTree = "<group>";
		};
/* End PBXVariantGroup section */

/* Begin XCBuildConfiguration section */
		8201506A23B2D08800E9FCD2 /* Debug */ = {
			isa = XCBuildConfiguration;
			buildSettings = {
				ALWAYS_SEARCH_USER_PATHS = NO;
				CLANG_ANALYZER_NONNULL = YES;
				CLANG_ANALYZER_NUMBER_OBJECT_CONVERSION = YES_AGGRESSIVE;
				CLANG_CXX_LANGUAGE_STANDARD = "gnu++14";
				CLANG_CXX_LIBRARY = "libc++";
				CLANG_ENABLE_MODULES = YES;
				CLANG_ENABLE_OBJC_ARC = YES;
				CLANG_ENABLE_OBJC_WEAK = YES;
				CLANG_WARN_BLOCK_CAPTURE_AUTORELEASING = YES;
				CLANG_WARN_BOOL_CONVERSION = YES;
				CLANG_WARN_COMMA = YES;
				CLANG_WARN_CONSTANT_CONVERSION = YES;
				CLANG_WARN_DEPRECATED_OBJC_IMPLEMENTATIONS = YES;
				CLANG_WARN_DIRECT_OBJC_ISA_USAGE = YES_ERROR;
				CLANG_WARN_DOCUMENTATION_COMMENTS = YES;
				CLANG_WARN_EMPTY_BODY = YES;
				CLANG_WARN_ENUM_CONVERSION = YES;
				CLANG_WARN_INFINITE_RECURSION = YES;
				CLANG_WARN_INT_CONVERSION = YES;
				CLANG_WARN_NON_LITERAL_NULL_CONVERSION = YES;
				CLANG_WARN_OBJC_IMPLICIT_RETAIN_SELF = YES;
				CLANG_WARN_OBJC_LITERAL_CONVERSION = YES;
				CLANG_WARN_OBJC_ROOT_CLASS = YES_ERROR;
				CLANG_WARN_RANGE_LOOP_ANALYSIS = YES;
				CLANG_WARN_STRICT_PROTOTYPES = YES;
				CLANG_WARN_SUSPICIOUS_MOVE = YES;
				CLANG_WARN_UNGUARDED_AVAILABILITY = YES_AGGRESSIVE;
				CLANG_WARN_UNREACHABLE_CODE = YES;
				CLANG_WARN__DUPLICATE_METHOD_MATCH = YES;
				COPY_PHASE_STRIP = NO;
				DEBUG_INFORMATION_FORMAT = dwarf;
				ENABLE_STRICT_OBJC_MSGSEND = YES;
				ENABLE_TESTABILITY = YES;
				GCC_C_LANGUAGE_STANDARD = gnu11;
				GCC_DYNAMIC_NO_PIC = NO;
				GCC_NO_COMMON_BLOCKS = YES;
				GCC_OPTIMIZATION_LEVEL = 0;
				GCC_PREPROCESSOR_DEFINITIONS = (
					"DEBUG=1",
					"$(inherited)",
				);
				GCC_WARN_64_TO_32_BIT_CONVERSION = YES;
				GCC_WARN_ABOUT_RETURN_TYPE = YES_ERROR;
				GCC_WARN_UNDECLARED_SELECTOR = YES;
				GCC_WARN_UNINITIALIZED_AUTOS = YES_AGGRESSIVE;
				GCC_WARN_UNUSED_FUNCTION = YES;
				GCC_WARN_UNUSED_VARIABLE = YES;
				MACOSX_DEPLOYMENT_TARGET = 10.15;
				MTL_ENABLE_DEBUG_INFO = INCLUDE_SOURCE;
				MTL_FAST_MATH = YES;
				ONLY_ACTIVE_ARCH = YES;
				SDKROOT = macosx;
				SWIFT_ACTIVE_COMPILATION_CONDITIONS = DEBUG;
				SWIFT_OPTIMIZATION_LEVEL = "-Onone";
			};
			name = Debug;
		};
		8201506B23B2D08800E9FCD2 /* Release */ = {
			isa = XCBuildConfiguration;
			buildSettings = {
				ALWAYS_SEARCH_USER_PATHS = NO;
				CLANG_ANALYZER_NONNULL = YES;
				CLANG_ANALYZER_NUMBER_OBJECT_CONVERSION = YES_AGGRESSIVE;
				CLANG_CXX_LANGUAGE_STANDARD = "gnu++14";
				CLANG_CXX_LIBRARY = "libc++";
				CLANG_ENABLE_MODULES = YES;
				CLANG_ENABLE_OBJC_ARC = YES;
				CLANG_ENABLE_OBJC_WEAK = YES;
				CLANG_WARN_BLOCK_CAPTURE_AUTORELEASING = YES;
				CLANG_WARN_BOOL_CONVERSION = YES;
				CLANG_WARN_COMMA = YES;
				CLANG_WARN_CONSTANT_CONVERSION = YES;
				CLANG_WARN_DEPRECATED_OBJC_IMPLEMENTATIONS = YES;
				CLANG_WARN_DIRECT_OBJC_ISA_USAGE = YES_ERROR;
				CLANG_WARN_DOCUMENTATION_COMMENTS = YES;
				CLANG_WARN_EMPTY_BODY = YES;
				CLANG_WARN_ENUM_CONVERSION = YES;
				CLANG_WARN_INFINITE_RECURSION = YES;
				CLANG_WARN_INT_CONVERSION = YES;
				CLANG_WARN_NON_LITERAL_NULL_CONVERSION = YES;
				CLANG_WARN_OBJC_IMPLICIT_RETAIN_SELF = YES;
				CLANG_WARN_OBJC_LITERAL_CONVERSION = YES;
				CLANG_WARN_OBJC_ROOT_CLASS = YES_ERROR;
				CLANG_WARN_RANGE_LOOP_ANALYSIS = YES;
				CLANG_WARN_STRICT_PROTOTYPES = YES;
				CLANG_WARN_SUSPICIOUS_MOVE = YES;
				CLANG_WARN_UNGUARDED_AVAILABILITY = YES_AGGRESSIVE;
				CLANG_WARN_UNREACHABLE_CODE = YES;
				CLANG_WARN__DUPLICATE_METHOD_MATCH = YES;
				COPY_PHASE_STRIP = NO;
				DEBUG_INFORMATION_FORMAT = "dwarf-with-dsym";
				ENABLE_NS_ASSERTIONS = NO;
				ENABLE_STRICT_OBJC_MSGSEND = YES;
				GCC_C_LANGUAGE_STANDARD = gnu11;
				GCC_NO_COMMON_BLOCKS = YES;
				GCC_WARN_64_TO_32_BIT_CONVERSION = YES;
				GCC_WARN_ABOUT_RETURN_TYPE = YES_ERROR;
				GCC_WARN_UNDECLARED_SELECTOR = YES;
				GCC_WARN_UNINITIALIZED_AUTOS = YES_AGGRESSIVE;
				GCC_WARN_UNUSED_FUNCTION = YES;
				GCC_WARN_UNUSED_VARIABLE = YES;
				MACOSX_DEPLOYMENT_TARGET = 10.15;
				MTL_ENABLE_DEBUG_INFO = NO;
				MTL_FAST_MATH = YES;
				SDKROOT = macosx;
				SWIFT_COMPILATION_MODE = wholemodule;
				SWIFT_OPTIMIZATION_LEVEL = "-O";
			};
			name = Release;
		};
		8201506D23B2D08800E9FCD2 /* Debug */ = {
			isa = XCBuildConfiguration;
			buildSettings = {
				ASSETCATALOG_COMPILER_APPICON_NAME = AppIcon;
				CODE_SIGN_ENTITLEMENTS = "word by word/word_by_word.entitlements";
				CODE_SIGN_STYLE = Automatic;
				COMBINE_HIDPI_IMAGES = YES;
				DEVELOPMENT_TEAM = 3M8NW3UL92;
				ENABLE_HARDENED_RUNTIME = YES;
				INFOPLIST_FILE = "word by word/Info.plist";
				LD_RUNPATH_SEARCH_PATHS = (
					"$(inherited)",
					"@executable_path/../Frameworks",
				);
				PRODUCT_BUNDLE_IDENTIFIER = "com.knaoinr.word-by-word";
				PRODUCT_NAME = "$(TARGET_NAME)";
				SWIFT_VERSION = 5.0;
			};
			name = Debug;
		};
		8201506E23B2D08800E9FCD2 /* Release */ = {
			isa = XCBuildConfiguration;
			buildSettings = {
				ASSETCATALOG_COMPILER_APPICON_NAME = AppIcon;
				CODE_SIGN_ENTITLEMENTS = "word by word/word_by_word.entitlements";
				CODE_SIGN_STYLE = Automatic;
				COMBINE_HIDPI_IMAGES = YES;
				DEVELOPMENT_TEAM = 3M8NW3UL92;
				ENABLE_HARDENED_RUNTIME = YES;
				INFOPLIST_FILE = "word by word/Info.plist";
				LD_RUNPATH_SEARCH_PATHS = (
					"$(inherited)",
					"@executable_path/../Frameworks",
				);
				PRODUCT_BUNDLE_IDENTIFIER = "com.knaoinr.word-by-word";
				PRODUCT_NAME = "$(TARGET_NAME)";
				SWIFT_VERSION = 5.0;
			};
			name = Release;
		};
/* End XCBuildConfiguration section */

/* Begin XCConfigurationList section */
		8201505923B2D07D00E9FCD2 /* Build configuration list for PBXProject "word by word" */ = {
			isa = XCConfigurationList;
			buildConfigurations = (
				8201506A23B2D08800E9FCD2 /* Debug */,
				8201506B23B2D08800E9FCD2 /* Release */,
			);
			defaultConfigurationIsVisible = 0;
			defaultConfigurationName = Release;
		};
		8201506C23B2D08800E9FCD2 /* Build configuration list for PBXNativeTarget "word by word" */ = {
			isa = XCConfigurationList;
			buildConfigurations = (
				8201506D23B2D08800E9FCD2 /* Debug */,
				8201506E23B2D08800E9FCD2 /* Release */,
			);
			defaultConfigurationIsVisible = 0;
			defaultConfigurationName = Release;
		};
/* End XCConfigurationList section */
	};
	rootObject = 8201505623B2D07D00E9FCD2 /* Project object */;
}
